// !$*UTF8*$!
{
	archiveVersion = 1;
	classes = {
	};
	objectVersion = 50;
	objects = {

/* Begin PBXBuildFile section */
		4D252E97225CFF8D00D50EDC /* AppDelegate.m in Sources */ = {isa = PBXBuildFile; fileRef = 4D252E96225CFF8D00D50EDC /* AppDelegate.m */; };
		4D252E9A225CFF8D00D50EDC /* ViewController.m in Sources */ = {isa = PBXBuildFile; fileRef = 4D252E99225CFF8D00D50EDC /* ViewController.m */; };
		4D252E9D225CFF8D00D50EDC /* Main.storyboard in Resources */ = {isa = PBXBuildFile; fileRef = 4D252E9B225CFF8D00D50EDC /* Main.storyboard */; };
		4D252E9F225CFF8F00D50EDC /* Assets.xcassets in Resources */ = {isa = PBXBuildFile; fileRef = 4D252E9E225CFF8F00D50EDC /* Assets.xcassets */; };
		4D252EA2225CFF8F00D50EDC /* LaunchScreen.storyboard in Resources */ = {isa = PBXBuildFile; fileRef = 4D252EA0225CFF8F00D50EDC /* LaunchScreen.storyboard */; };
		4D252EA5225CFF8F00D50EDC /* main.m in Sources */ = {isa = PBXBuildFile; fileRef = 4D252EA4225CFF8F00D50EDC /* main.m */; };
		4D252EAF225CFF8F00D50EDC /* ApnsSampleTests.m in Sources */ = {isa = PBXBuildFile; fileRef = 4D252EAE225CFF8F00D50EDC /* ApnsSampleTests.m */; };
		4D252EBA225CFF8F00D50EDC /* ApnsSampleUITests.m in Sources */ = {isa = PBXBuildFile; fileRef = 4D252EB9225CFF8F00D50EDC /* ApnsSampleUITests.m */; };
/* End PBXBuildFile section */

/* Begin PBXContainerItemProxy section */
		4D252EAB225CFF8F00D50EDC /* PBXContainerItemProxy */ = {
			isa = PBXContainerItemProxy;
			containerPortal = 4D252E8A225CFF8D00D50EDC /* Project object */;
			proxyType = 1;
			remoteGlobalIDString = 4D252E91225CFF8D00D50EDC;
			remoteInfo = ApnsSample;
		};
		4D252EB6225CFF8F00D50EDC /* PBXContainerItemProxy */ = {
			isa = PBXContainerItemProxy;
			containerPortal = 4D252E8A225CFF8D00D50EDC /* Project object */;
			proxyType = 1;
			remoteGlobalIDString = 4D252E91225CFF8D00D50EDC;
			remoteInfo = ApnsSample;
		};
/* End PBXContainerItemProxy section */

/* Begin PBXFileReference section */
		4D252E92225CFF8D00D50EDC /* ApnsSample.app */ = {isa = PBXFileReference; explicitFileType = wrapper.application; includeInIndex = 0; path = ApnsSample.app; sourceTree = BUILT_PRODUCTS_DIR; };
		4D252E95225CFF8D00D50EDC /* AppDelegate.h */ = {isa = PBXFileReference; lastKnownFileType = sourcecode.c.h; path = AppDelegate.h; sourceTree = "<group>"; };
		4D252E96225CFF8D00D50EDC /* AppDelegate.m */ = {isa = PBXFileReference; lastKnownFileType = sourcecode.c.objc; path = AppDelegate.m; sourceTree = "<group>"; };
		4D252E98225CFF8D00D50EDC /* ViewController.h */ = {isa = PBXFileReference; lastKnownFileType = sourcecode.c.h; path = ViewController.h; sourceTree = "<group>"; };
		4D252E99225CFF8D00D50EDC /* ViewController.m */ = {isa = PBXFileReference; lastKnownFileType = sourcecode.c.objc; path = ViewController.m; sourceTree = "<group>"; };
		4D252E9C225CFF8D00D50EDC /* Base */ = {isa = PBXFileReference; lastKnownFileType = file.storyboard; name = Base; path = Base.lproj/Main.storyboard; sourceTree = "<group>"; };
		4D252E9E225CFF8F00D50EDC /* Assets.xcassets */ = {isa = PBXFileReference; lastKnownFileType = folder.assetcatalog; path = Assets.xcassets; sourceTree = "<group>"; };
		4D252EA1225CFF8F00D50EDC /* Base */ = {isa = PBXFileReference; lastKnownFileType = file.storyboard; name = Base; path = Base.lproj/LaunchScreen.storyboard; sourceTree = "<group>"; };
		4D252EA3225CFF8F00D50EDC /* Info.plist */ = {isa = PBXFileReference; lastKnownFileType = text.plist.xml; path = Info.plist; sourceTree = "<group>"; };
		4D252EA4225CFF8F00D50EDC /* main.m */ = {isa = PBXFileReference; lastKnownFileType = sourcecode.c.objc; path = main.m; sourceTree = "<group>"; };
		4D252EAA225CFF8F00D50EDC /* ApnsSampleTests.xctest */ = {isa = PBXFileReference; explicitFileType = wrapper.cfbundle; includeInIndex = 0; path = ApnsSampleTests.xctest; sourceTree = BUILT_PRODUCTS_DIR; };
		4D252EAE225CFF8F00D50EDC /* ApnsSampleTests.m */ = {isa = PBXFileReference; lastKnownFileType = sourcecode.c.objc; path = ApnsSampleTests.m; sourceTree = "<group>"; };
		4D252EB0225CFF8F00D50EDC /* Info.plist */ = {isa = PBXFileReference; lastKnownFileType = text.plist.xml; path = Info.plist; sourceTree = "<group>"; };
		4D252EB5225CFF8F00D50EDC /* ApnsSampleUITests.xctest */ = {isa = PBXFileReference; explicitFileType = wrapper.cfbundle; includeInIndex = 0; path = ApnsSampleUITests.xctest; sourceTree = BUILT_PRODUCTS_DIR; };
		4D252EB9225CFF8F00D50EDC /* ApnsSampleUITests.m */ = {isa = PBXFileReference; lastKnownFileType = sourcecode.c.objc; path = ApnsSampleUITests.m; sourceTree = "<group>"; };
		4D252EBB225CFF8F00D50EDC /* Info.plist */ = {isa = PBXFileReference; lastKnownFileType = text.plist.xml; path = Info.plist; sourceTree = "<group>"; };
		4D252EC7225D098D00D50EDC /* ApnsSample.entitlements */ = {isa = PBXFileReference; lastKnownFileType = text.plist.entitlements; path = ApnsSample.entitlements; sourceTree = "<group>"; };
/* End PBXFileReference section */

/* Begin PBXFrameworksBuildPhase section */
		4D252E8F225CFF8D00D50EDC /* Frameworks */ = {
			isa = PBXFrameworksBuildPhase;
			buildActionMask = 2147483647;
			files = (
			);
			runOnlyForDeploymentPostprocessing = 0;
		};
		4D252EA7225CFF8F00D50EDC /* Frameworks */ = {
			isa = PBXFrameworksBuildPhase;
			buildActionMask = 2147483647;
			files = (
			);
			runOnlyForDeploymentPostprocessing = 0;
		};
		4D252EB2225CFF8F00D50EDC /* Frameworks */ = {
			isa = PBXFrameworksBuildPhase;
			buildActionMask = 2147483647;
			files = (
			);
			runOnlyForDeploymentPostprocessing = 0;
		};
/* End PBXFrameworksBuildPhase section */

/* Begin PBXGroup section */
		4D252E89225CFF8D00D50EDC = {
			isa = PBXGroup;
			children = (
				4D252E94225CFF8D00D50EDC /* ApnsSample */,
				4D252EAD225CFF8F00D50EDC /* ApnsSampleTests */,
				4D252EB8225CFF8F00D50EDC /* ApnsSampleUITests */,
				4D252E93225CFF8D00D50EDC /* Products */,
			);
			sourceTree = "<group>";
		};
		4D252E93225CFF8D00D50EDC /* Products */ = {
			isa = PBXGroup;
			children = (
				4D252E92225CFF8D00D50EDC /* ApnsSample.app */,
				4D252EAA225CFF8F00D50EDC /* ApnsSampleTests.xctest */,
				4D252EB5225CFF8F00D50EDC /* ApnsSampleUITests.xctest */,
			);
			name = Products;
			sourceTree = "<group>";
		};
		4D252E94225CFF8D00D50EDC /* ApnsSample */ = {
			isa = PBXGroup;
			children = (
				4D252EC7225D098D00D50EDC /* ApnsSample.entitlements */,
				4D252E95225CFF8D00D50EDC /* AppDelegate.h */,
				4D252E96225CFF8D00D50EDC /* AppDelegate.m */,
				4D252E98225CFF8D00D50EDC /* ViewController.h */,
				4D252E99225CFF8D00D50EDC /* ViewController.m */,
				4D252E9B225CFF8D00D50EDC /* Main.storyboard */,
				4D252E9E225CFF8F00D50EDC /* Assets.xcassets */,
				4D252EA0225CFF8F00D50EDC /* LaunchScreen.storyboard */,
				4D252EA3225CFF8F00D50EDC /* Info.plist */,
				4D252EA4225CFF8F00D50EDC /* main.m */,
			);
			path = ApnsSample;
			sourceTree = "<group>";
		};
		4D252EAD225CFF8F00D50EDC /* ApnsSampleTests */ = {
			isa = PBXGroup;
			children = (
				4D252EAE225CFF8F00D50EDC /* ApnsSampleTests.m */,
				4D252EB0225CFF8F00D50EDC /* Info.plist */,
			);
			path = ApnsSampleTests;
			sourceTree = "<group>";
		};
		4D252EB8225CFF8F00D50EDC /* ApnsSampleUITests */ = {
			isa = PBXGroup;
			children = (
				4D252EB9225CFF8F00D50EDC /* ApnsSampleUITests.m */,
				4D252EBB225CFF8F00D50EDC /* Info.plist */,
			);
			path = ApnsSampleUITests;
			sourceTree = "<group>";
		};
/* End PBXGroup section */

/* Begin PBXNativeTarget section */
		4D252E91225CFF8D00D50EDC /* ApnsSample */ = {
			isa = PBXNativeTarget;
			buildConfigurationList = 4D252EBE225CFF8F00D50EDC /* Build configuration list for PBXNativeTarget "ApnsSample" */;
			buildPhases = (
				4D252E8E225CFF8D00D50EDC /* Sources */,
				4D252E8F225CFF8D00D50EDC /* Frameworks */,
				4D252E90225CFF8D00D50EDC /* Resources */,
			);
			buildRules = (
			);
			dependencies = (
			);
			name = ApnsSample;
			productName = ApnsSample;
			productReference = 4D252E92225CFF8D00D50EDC /* ApnsSample.app */;
			productType = "com.apple.product-type.application";
		};
		4D252EA9225CFF8F00D50EDC /* ApnsSampleTests */ = {
			isa = PBXNativeTarget;
			buildConfigurationList = 4D252EC1225CFF8F00D50EDC /* Build configuration list for PBXNativeTarget "ApnsSampleTests" */;
			buildPhases = (
				4D252EA6225CFF8F00D50EDC /* Sources */,
				4D252EA7225CFF8F00D50EDC /* Frameworks */,
				4D252EA8225CFF8F00D50EDC /* Resources */,
			);
			buildRules = (
			);
			dependencies = (
				4D252EAC225CFF8F00D50EDC /* PBXTargetDependency */,
			);
			name = ApnsSampleTests;
			productName = ApnsSampleTests;
			productReference = 4D252EAA225CFF8F00D50EDC /* ApnsSampleTests.xctest */;
			productType = "com.apple.product-type.bundle.unit-test";
		};
		4D252EB4225CFF8F00D50EDC /* ApnsSampleUITests */ = {
			isa = PBXNativeTarget;
			buildConfigurationList = 4D252EC4225CFF8F00D50EDC /* Build configuration list for PBXNativeTarget "ApnsSampleUITests" */;
			buildPhases = (
				4D252EB1225CFF8F00D50EDC /* Sources */,
				4D252EB2225CFF8F00D50EDC /* Frameworks */,
				4D252EB3225CFF8F00D50EDC /* Resources */,
			);
			buildRules = (
			);
			dependencies = (
				4D252EB7225CFF8F00D50EDC /* PBXTargetDependency */,
			);
			name = ApnsSampleUITests;
			productName = ApnsSampleUITests;
			productReference = 4D252EB5225CFF8F00D50EDC /* ApnsSampleUITests.xctest */;
			productType = "com.apple.product-type.bundle.ui-testing";
		};
/* End PBXNativeTarget section */

/* Begin PBXProject section */
		4D252E8A225CFF8D00D50EDC /* Project object */ = {
			isa = PBXProject;
			attributes = {
				LastUpgradeCheck = 1020;
				ORGANIZATIONNAME = "Paula Scholz";
				TargetAttributes = {
					4D252E91225CFF8D00D50EDC = {
						CreatedOnToolsVersion = 10.2;
						SystemCapabilities = {
							com.apple.BackgroundModes = {
								enabled = 1;
							};
							com.apple.Push = {
								enabled = 1;
							};
						};
					};
					4D252EA9225CFF8F00D50EDC = {
						CreatedOnToolsVersion = 10.2;
						TestTargetID = 4D252E91225CFF8D00D50EDC;
					};
					4D252EB4225CFF8F00D50EDC = {
						CreatedOnToolsVersion = 10.2;
						TestTargetID = 4D252E91225CFF8D00D50EDC;
					};
				};
			};
			buildConfigurationList = 4D252E8D225CFF8D00D50EDC /* Build configuration list for PBXProject "ApnsSample" */;
			compatibilityVersion = "Xcode 9.3";
			developmentRegion = en;
			hasScannedForEncodings = 0;
			knownRegions = (
				en,
				Base,
			);
			mainGroup = 4D252E89225CFF8D00D50EDC;
			productRefGroup = 4D252E93225CFF8D00D50EDC /* Products */;
			projectDirPath = "";
			projectRoot = "";
			targets = (
				4D252E91225CFF8D00D50EDC /* ApnsSample */,
				4D252EA9225CFF8F00D50EDC /* ApnsSampleTests */,
				4D252EB4225CFF8F00D50EDC /* ApnsSampleUITests */,
			);
		};
/* End PBXProject section */

/* Begin PBXResourcesBuildPhase section */
		4D252E90225CFF8D00D50EDC /* Resources */ = {
			isa = PBXResourcesBuildPhase;
			buildActionMask = 2147483647;
			files = (
				4D252EA2225CFF8F00D50EDC /* LaunchScreen.storyboard in Resources */,
				4D252E9F225CFF8F00D50EDC /* Assets.xcassets in Resources */,
				4D252E9D225CFF8D00D50EDC /* Main.storyboard in Resources */,
			);
			runOnlyForDeploymentPostprocessing = 0;
		};
		4D252EA8225CFF8F00D50EDC /* Resources */ = {
			isa = PBXResourcesBuildPhase;
			buildActionMask = 2147483647;
			files = (
			);
			runOnlyForDeploymentPostprocessing = 0;
		};
		4D252EB3225CFF8F00D50EDC /* Resources */ = {
			isa = PBXResourcesBuildPhase;
			buildActionMask = 2147483647;
			files = (
			);
			runOnlyForDeploymentPostprocessing = 0;
		};
/* End PBXResourcesBuildPhase section */

/* Begin PBXSourcesBuildPhase section */
		4D252E8E225CFF8D00D50EDC /* Sources */ = {
			isa = PBXSourcesBuildPhase;
			buildActionMask = 2147483647;
			files = (
				4D252E9A225CFF8D00D50EDC /* ViewController.m in Sources */,
				4D252EA5225CFF8F00D50EDC /* main.m in Sources */,
				4D252E97225CFF8D00D50EDC /* AppDelegate.m in Sources */,
			);
			runOnlyForDeploymentPostprocessing = 0;
		};
		4D252EA6225CFF8F00D50EDC /* Sources */ = {
			isa = PBXSourcesBuildPhase;
			buildActionMask = 2147483647;
			files = (
				4D252EAF225CFF8F00D50EDC /* ApnsSampleTests.m in Sources */,
			);
			runOnlyForDeploymentPostprocessing = 0;
		};
		4D252EB1225CFF8F00D50EDC /* Sources */ = {
			isa = PBXSourcesBuildPhase;
			buildActionMask = 2147483647;
			files = (
				4D252EBA225CFF8F00D50EDC /* ApnsSampleUITests.m in Sources */,
			);
			runOnlyForDeploymentPostprocessing = 0;
		};
/* End PBXSourcesBuildPhase section */

/* Begin PBXTargetDependency section */
		4D252EAC225CFF8F00D50EDC /* PBXTargetDependency */ = {
			isa = PBXTargetDependency;
			target = 4D252E91225CFF8D00D50EDC /* ApnsSample */;
			targetProxy = 4D252EAB225CFF8F00D50EDC /* PBXContainerItemProxy */;
		};
		4D252EB7225CFF8F00D50EDC /* PBXTargetDependency */ = {
			isa = PBXTargetDependency;
			target = 4D252E91225CFF8D00D50EDC /* ApnsSample */;
			targetProxy = 4D252EB6225CFF8F00D50EDC /* PBXContainerItemProxy */;
		};
/* End PBXTargetDependency section */

/* Begin PBXVariantGroup section */
		4D252E9B225CFF8D00D50EDC /* Main.storyboard */ = {
			isa = PBXVariantGroup;
			children = (
				4D252E9C225CFF8D00D50EDC /* Base */,
			);
			name = Main.storyboard;
			sourceTree = "<group>";
		};
		4D252EA0225CFF8F00D50EDC /* LaunchScreen.storyboard */ = {
			isa = PBXVariantGroup;
			children = (
				4D252EA1225CFF8F00D50EDC /* Base */,
			);
			name = LaunchScreen.storyboard;
			sourceTree = "<group>";
		};
/* End PBXVariantGroup section */

/* Begin XCBuildConfiguration section */
		4D252EBC225CFF8F00D50EDC /* Debug */ = {
			isa = XCBuildConfiguration;
			buildSettings = {
				ALWAYS_SEARCH_USER_PATHS = NO;
				CLANG_ANALYZER_NONNULL = YES;
				CLANG_ANALYZER_NUMBER_OBJECT_CONVERSION = YES_AGGRESSIVE;
				CLANG_CXX_LANGUAGE_STANDARD = "gnu++14";
				CLANG_CXX_LIBRARY = "libc++";
				CLANG_ENABLE_MODULES = YES;
				CLANG_ENABLE_OBJC_ARC = YES;
				CLANG_ENABLE_OBJC_WEAK = YES;
				CLANG_WARN_BLOCK_CAPTURE_AUTORELEASING = YES;
				CLANG_WARN_BOOL_CONVERSION = YES;
				CLANG_WARN_COMMA = YES;
				CLANG_WARN_CONSTANT_CONVERSION = YES;
				CLANG_WARN_DEPRECATED_OBJC_IMPLEMENTATIONS = YES;
				CLANG_WARN_DIRECT_OBJC_ISA_USAGE = YES_ERROR;
				CLANG_WARN_DOCUMENTATION_COMMENTS = YES;
				CLANG_WARN_EMPTY_BODY = YES;
				CLANG_WARN_ENUM_CONVERSION = YES;
				CLANG_WARN_INFINITE_RECURSION = YES;
				CLANG_WARN_INT_CONVERSION = YES;
				CLANG_WARN_NON_LITERAL_NULL_CONVERSION = YES;
				CLANG_WARN_OBJC_IMPLICIT_RETAIN_SELF = YES;
				CLANG_WARN_OBJC_LITERAL_CONVERSION = YES;
				CLANG_WARN_OBJC_ROOT_CLASS = YES_ERROR;
				CLANG_WARN_RANGE_LOOP_ANALYSIS = YES;
				CLANG_WARN_STRICT_PROTOTYPES = YES;
				CLANG_WARN_SUSPICIOUS_MOVE = YES;
				CLANG_WARN_UNGUARDED_AVAILABILITY = YES_AGGRESSIVE;
				CLANG_WARN_UNREACHABLE_CODE = YES;
				CLANG_WARN__DUPLICATE_METHOD_MATCH = YES;
				CODE_SIGN_IDENTITY = "iPhone Developer";
				COPY_PHASE_STRIP = NO;
				DEBUG_INFORMATION_FORMAT = dwarf;
				ENABLE_STRICT_OBJC_MSGSEND = YES;
				ENABLE_TESTABILITY = YES;
				GCC_C_LANGUAGE_STANDARD = gnu11;
				GCC_DYNAMIC_NO_PIC = NO;
				GCC_NO_COMMON_BLOCKS = YES;
				GCC_OPTIMIZATION_LEVEL = 0;
				GCC_PREPROCESSOR_DEFINITIONS = (
					"DEBUG=1",
					"$(inherited)",
				);
				GCC_WARN_64_TO_32_BIT_CONVERSION = YES;
				GCC_WARN_ABOUT_RETURN_TYPE = YES_ERROR;
				GCC_WARN_UNDECLARED_SELECTOR = YES;
				GCC_WARN_UNINITIALIZED_AUTOS = YES_AGGRESSIVE;
				GCC_WARN_UNUSED_FUNCTION = YES;
				GCC_WARN_UNUSED_VARIABLE = YES;
				IPHONEOS_DEPLOYMENT_TARGET = 12.2;
				MTL_ENABLE_DEBUG_INFO = INCLUDE_SOURCE;
				MTL_FAST_MATH = YES;
				ONLY_ACTIVE_ARCH = YES;
				SDKROOT = iphoneos;
			};
			name = Debug;
		};
		4D252EBD225CFF8F00D50EDC /* Release */ = {
			isa = XCBuildConfiguration;
			buildSettings = {
				ALWAYS_SEARCH_USER_PATHS = NO;
				CLANG_ANALYZER_NONNULL = YES;
				CLANG_ANALYZER_NUMBER_OBJECT_CONVERSION = YES_AGGRESSIVE;
				CLANG_CXX_LANGUAGE_STANDARD = "gnu++14";
				CLANG_CXX_LIBRARY = "libc++";
				CLANG_ENABLE_MODULES = YES;
				CLANG_ENABLE_OBJC_ARC = YES;
				CLANG_ENABLE_OBJC_WEAK = YES;
				CLANG_WARN_BLOCK_CAPTURE_AUTORELEASING = YES;
				CLANG_WARN_BOOL_CONVERSION = YES;
				CLANG_WARN_COMMA = YES;
				CLANG_WARN_CONSTANT_CONVERSION = YES;
				CLANG_WARN_DEPRECATED_OBJC_IMPLEMENTATIONS = YES;
				CLANG_WARN_DIRECT_OBJC_ISA_USAGE = YES_ERROR;
				CLANG_WARN_DOCUMENTATION_COMMENTS = YES;
				CLANG_WARN_EMPTY_BODY = YES;
				CLANG_WARN_ENUM_CONVERSION = YES;
				CLANG_WARN_INFINITE_RECURSION = YES;
				CLANG_WARN_INT_CONVERSION = YES;
				CLANG_WARN_NON_LITERAL_NULL_CONVERSION = YES;
				CLANG_WARN_OBJC_IMPLICIT_RETAIN_SELF = YES;
				CLANG_WARN_OBJC_LITERAL_CONVERSION = YES;
				CLANG_WARN_OBJC_ROOT_CLASS = YES_ERROR;
				CLANG_WARN_RANGE_LOOP_ANALYSIS = YES;
				CLANG_WARN_STRICT_PROTOTYPES = YES;
				CLANG_WARN_SUSPICIOUS_MOVE = YES;
				CLANG_WARN_UNGUARDED_AVAILABILITY = YES_AGGRESSIVE;
				CLANG_WARN_UNREACHABLE_CODE = YES;
				CLANG_WARN__DUPLICATE_METHOD_MATCH = YES;
				CODE_SIGN_IDENTITY = "iPhone Developer";
				COPY_PHASE_STRIP = NO;
				DEBUG_INFORMATION_FORMAT = "dwarf-with-dsym";
				ENABLE_NS_ASSERTIONS = NO;
				ENABLE_STRICT_OBJC_MSGSEND = YES;
				GCC_C_LANGUAGE_STANDARD = gnu11;
				GCC_NO_COMMON_BLOCKS = YES;
				GCC_WARN_64_TO_32_BIT_CONVERSION = YES;
				GCC_WARN_ABOUT_RETURN_TYPE = YES_ERROR;
				GCC_WARN_UNDECLARED_SELECTOR = YES;
				GCC_WARN_UNINITIALIZED_AUTOS = YES_AGGRESSIVE;
				GCC_WARN_UNUSED_FUNCTION = YES;
				GCC_WARN_UNUSED_VARIABLE = YES;
				IPHONEOS_DEPLOYMENT_TARGET = 12.2;
				MTL_ENABLE_DEBUG_INFO = NO;
				MTL_FAST_MATH = YES;
				SDKROOT = iphoneos;
				VALIDATE_PRODUCT = YES;
			};
			name = Release;
		};
		4D252EBF225CFF8F00D50EDC /* Debug */ = {
			isa = XCBuildConfiguration;
			buildSettings = {
				ASSETCATALOG_COMPILER_APPICON_NAME = AppIcon;
				CODE_SIGN_ENTITLEMENTS = ApnsSample/ApnsSample.entitlements;
				CODE_SIGN_STYLE = Automatic;
				DEVELOPMENT_TEAM = 9MSNY4757G;
				INFOPLIST_FILE = ApnsSample/Info.plist;
				LD_RUNPATH_SEARCH_PATHS = (
					"$(inherited)",
					"@executable_path/Frameworks",
				);
				PRODUCT_BUNDLE_IDENTIFIER = dev.flashcast.ApnsSample;
				PRODUCT_NAME = "$(TARGET_NAME)";
				TARGETED_DEVICE_FAMILY = "1,2";
			};
			name = Debug;
		};
		4D252EC0225CFF8F00D50EDC /* Release */ = {
			isa = XCBuildConfiguration;
			buildSettings = {
				ASSETCATALOG_COMPILER_APPICON_NAME = AppIcon;
				CODE_SIGN_ENTITLEMENTS = ApnsSample/ApnsSample.entitlements;
				CODE_SIGN_STYLE = Automatic;
				DEVELOPMENT_TEAM = 9MSNY4757G;
				INFOPLIST_FILE = ApnsSample/Info.plist;
				LD_RUNPATH_SEARCH_PATHS = (
					"$(inherited)",
					"@executable_path/Frameworks",
				);
				PRODUCT_BUNDLE_IDENTIFIER = dev.flashcast.ApnsSample;
				PRODUCT_NAME = "$(TARGET_NAME)";
				TARGETED_DEVICE_FAMILY = "1,2";
			};
			name = Release;
		};
		4D252EC2225CFF8F00D50EDC /* Debug */ = {
			isa = XCBuildConfiguration;
			buildSettings = {
				BUNDLE_LOADER = "$(TEST_HOST)";
				CODE_SIGN_STYLE = Automatic;
				DEVELOPMENT_TEAM = 9MSNY4757G;
				INFOPLIST_FILE = ApnsSampleTests/Info.plist;
				LD_RUNPATH_SEARCH_PATHS = (
					"$(inherited)",
					"@executable_path/Frameworks",
					"@loader_path/Frameworks",
				);
				PRODUCT_BUNDLE_IDENTIFIER = dev.flashcast.ApnsSampleTests;
				PRODUCT_NAME = "$(TARGET_NAME)";
				TARGETED_DEVICE_FAMILY = "1,2";
				TEST_HOST = "$(BUILT_PRODUCTS_DIR)/ApnsSample.app/ApnsSample";
			};
			name = Debug;
		};
		4D252EC3225CFF8F00D50EDC /* Release */ = {
			isa = XCBuildConfiguration;
			buildSettings = {
				BUNDLE_LOADER = "$(TEST_HOST)";
				CODE_SIGN_STYLE = Automatic;
				DEVELOPMENT_TEAM = 9MSNY4757G;
				INFOPLIST_FILE = ApnsSampleTests/Info.plist;
				LD_RUNPATH_SEARCH_PATHS = (
					"$(inherited)",
					"@executable_path/Frameworks",
					"@loader_path/Frameworks",
				);
				PRODUCT_BUNDLE_IDENTIFIER = dev.flashcast.ApnsSampleTests;
				PRODUCT_NAME = "$(TARGET_NAME)";
				TARGETED_DEVICE_FAMILY = "1,2";
				TEST_HOST = "$(BUILT_PRODUCTS_DIR)/ApnsSample.app/ApnsSample";
			};
			name = Release;
		};
		4D252EC5225CFF8F00D50EDC /* Debug */ = {
			isa = XCBuildConfiguration;
			buildSettings = {
				CODE_SIGN_STYLE = Automatic;
				DEVELOPMENT_TEAM = 9MSNY4757G;
				INFOPLIST_FILE = ApnsSampleUITests/Info.plist;
				LD_RUNPATH_SEARCH_PATHS = (
					"$(inherited)",
					"@executable_path/Frameworks",
					"@loader_path/Frameworks",
				);
				PRODUCT_BUNDLE_IDENTIFIER = dev.flashcast.ApnsSampleUITests;
				PRODUCT_NAME = "$(TARGET_NAME)";
				TARGETED_DEVICE_FAMILY = "1,2";
				TEST_TARGET_NAME = ApnsSample;
			};
			name = Debug;
		};
		4D252EC6225CFF8F00D50EDC /* Release */ = {
			isa = XCBuildConfiguration;
			buildSettings = {
				CODE_SIGN_STYLE = Automatic;
				DEVELOPMENT_TEAM = 9MSNY4757G;
				INFOPLIST_FILE = ApnsSampleUITests/Info.plist;
				LD_RUNPATH_SEARCH_PATHS = (
					"$(inherited)",
					"@executable_path/Frameworks",
					"@loader_path/Frameworks",
				);
				PRODUCT_BUNDLE_IDENTIFIER = dev.flashcast.ApnsSampleUITests;
				PRODUCT_NAME = "$(TARGET_NAME)";
				TARGETED_DEVICE_FAMILY = "1,2";
				TEST_TARGET_NAME = ApnsSample;
			};
			name = Release;
		};
/* End XCBuildConfiguration section */

/* Begin XCConfigurationList section */
		4D252E8D225CFF8D00D50EDC /* Build configuration list for PBXProject "ApnsSample" */ = {
			isa = XCConfigurationList;
			buildConfigurations = (
				4D252EBC225CFF8F00D50EDC /* Debug */,
				4D252EBD225CFF8F00D50EDC /* Release */,
			);
			defaultConfigurationIsVisible = 0;
			defaultConfigurationName = Release;
		};
		4D252EBE225CFF8F00D50EDC /* Build configuration list for PBXNativeTarget "ApnsSample" */ = {
			isa = XCConfigurationList;
			buildConfigurations = (
				4D252EBF225CFF8F00D50EDC /* Debug */,
				4D252EC0225CFF8F00D50EDC /* Release */,
			);
			defaultConfigurationIsVisible = 0;
			defaultConfigurationName = Release;
		};
		4D252EC1225CFF8F00D50EDC /* Build configuration list for PBXNativeTarget "ApnsSampleTests" */ = {
			isa = XCConfigurationList;
			buildConfigurations = (
				4D252EC2225CFF8F00D50EDC /* Debug */,
				4D252EC3225CFF8F00D50EDC /* Release */,
			);
			defaultConfigurationIsVisible = 0;
			defaultConfigurationName = Release;
		};
		4D252EC4225CFF8F00D50EDC /* Build configuration list for PBXNativeTarget "ApnsSampleUITests" */ = {
			isa = XCConfigurationList;
			buildConfigurations = (
				4D252EC5225CFF8F00D50EDC /* Debug */,
				4D252EC6225CFF8F00D50EDC /* Release */,
			);
			defaultConfigurationIsVisible = 0;
			defaultConfigurationName = Release;
		};
/* End XCConfigurationList section */
	};
	rootObject = 4D252E8A225CFF8D00D50EDC /* Project object */;
}
